
Microsoft Visual Studio Solution File, Format Version 12.00
# Visual Studio Version 17
VisualStudioVersion = 17.11.35327.3
MinimumVisualStudioVersion = 10.0.40219.1
Project("{2150E333-8FDC-42A3-9474-1A3956D46DE8}") = "Task0", "Task0", "{89258E9E-20E7-4425-9DC2-06383D9DF760}"
EndProject
Project("{9A19103F-16F7-4668-BE54-9A1E7A4F7556}") = "Tyuiu.ShakhovDK.Sprint4.Task0.V21", "Tyuiu.ShakhovDK.Sprint4.Task0.V21\Tyuiu.ShakhovDK.Sprint4.Task0.V21.csproj", "{76CA1894-96C6-4B59-8D61-D8E0FD5AE1E2}"
EndProject
Project("{9A19103F-16F7-4668-BE54-9A1E7A4F7556}") = "Tyuiu.ShakhovDK.Sprint4.Task0.V21.Lib", "Tyuiu.ShakhovDK.Sprint4.Task0.V21.Lib\Tyuiu.ShakhovDK.Sprint4.Task0.V21.Lib.csproj", "{F0707210-C42C-4DD0-A888-CFB67953CCD5}"
EndProject
Project("{9A19103F-16F7-4668-BE54-9A1E7A4F7556}") = "Tyuiu.ShakhovDK.Sprint4.Task0.V21.Test", "Tyuiu.ShakhovDK.Sprint4.Task0.V21.Test\Tyuiu.ShakhovDK.Sprint4.Task0.V21.Test.csproj", "{70C75ECC-F8C8-4610-BD0D-AFE8C9FBA7BF}"
EndProject
Project("{2150E333-8FDC-42A3-9474-1A3956D46DE8}") = "Task1", "Task1", "{562DE94E-450A-4141-B105-871460264037}"
EndProject
Project("{FAE04EC0-301F-11D3-BF4B-00C04F79EFBC}") = "Tyuiu.ShakhovDK.Sprint4.Task1.V23", "Tyuiu.ShakhovDK.Sprint4.Task1.V23\Tyuiu.ShakhovDK.Sprint4.Task1.V23.csproj", "{0D733FBF-ABFC-4974-8DF5-88960C75DF8D}"
EndProject
Project("{FAE04EC0-301F-11D3-BF4B-00C04F79EFBC}") = "Tyuiu.ShakhovDK.Sprint4.Task1.V23.Lib", "Tyuiu.ShakhovDK.Sprint4.Task1.V23.Lib\Tyuiu.ShakhovDK.Sprint4.Task1.V23.Lib.csproj", "{CC20AC32-467C-4C09-BC99-13AFE6927BA9}"
EndProject
Project("{FAE04EC0-301F-11D3-BF4B-00C04F79EFBC}") = "Tyuiu.ShakhovDK.Sprint4.Task1.V23.Test", "Tyuiu.ShakhovDK.Sprint4.Task1.V23.Test\Tyuiu.ShakhovDK.Sprint4.Task1.V23.Test.csproj", "{4CD29052-8F1F-48E2-B2A8-96B482BD36D5}"
EndProject
Global
	GlobalSection(SolutionConfigurationPlatforms) = preSolution
		Debug|Any CPU = Debug|Any CPU
		Release|Any CPU = Release|Any CPU
	EndGlobalSection
	GlobalSection(ProjectConfigurationPlatforms) = postSolution
		{76CA1894-96C6-4B59-8D61-D8E0FD5AE1E2}.Debug|Any CPU.ActiveCfg = Debug|Any CPU
		{76CA1894-96C6-4B59-8D61-D8E0FD5AE1E2}.Debug|Any CPU.Build.0 = Debug|Any CPU
		{76CA1894-96C6-4B59-8D61-D8E0FD5AE1E2}.Release|Any CPU.ActiveCfg = Release|Any CPU
		{76CA1894-96C6-4B59-8D61-D8E0FD5AE1E2}.Release|Any CPU.Build.0 = Release|Any CPU
		{F0707210-C42C-4DD0-A888-CFB67953CCD5}.Debug|Any CPU.ActiveCfg = Debug|Any CPU
		{F0707210-C42C-4DD0-A888-CFB67953CCD5}.Debug|Any CPU.Build.0 = Debug|Any CPU
		{F0707210-C42C-4DD0-A888-CFB67953CCD5}.Release|Any CPU.ActiveCfg = Release|Any CPU
		{F0707210-C42C-4DD0-A888-CFB67953CCD5}.Release|Any CPU.Build.0 = Release|Any CPU
		{70C75ECC-F8C8-4610-BD0D-AFE8C9FBA7BF}.Debug|Any CPU.ActiveCfg = Debug|Any CPU
		{70C75ECC-F8C8-4610-BD0D-AFE8C9FBA7BF}.Debug|Any CPU.Build.0 = Debug|Any CPU
		{70C75ECC-F8C8-4610-BD0D-AFE8C9FBA7BF}.Release|Any CPU.ActiveCfg = Release|Any CPU
		{70C75ECC-F8C8-4610-BD0D-AFE8C9FBA7BF}.Release|Any CPU.Build.0 = Release|Any CPU
		{0D733FBF-ABFC-4974-8DF5-88960C75DF8D}.Debug|Any CPU.ActiveCfg = Debug|Any CPU
		{0D733FBF-ABFC-4974-8DF5-88960C75DF8D}.Debug|Any CPU.Build.0 = Debug|Any CPU
		{0D733FBF-ABFC-4974-8DF5-88960C75DF8D}.Release|Any CPU.ActiveCfg = Release|Any CPU
		{0D733FBF-ABFC-4974-8DF5-88960C75DF8D}.Release|Any CPU.Build.0 = Release|Any CPU
		{CC20AC32-467C-4C09-BC99-13AFE6927BA9}.Debug|Any CPU.ActiveCfg = Debug|Any CPU
		{CC20AC32-467C-4C09-BC99-13AFE6927BA9}.Debug|Any CPU.Build.0 = Debug|Any CPU
		{CC20AC32-467C-4C09-BC99-13AFE6927BA9}.Release|Any CPU.ActiveCfg = Release|Any CPU
		{CC20AC32-467C-4C09-BC99-13AFE6927BA9}.Release|Any CPU.Build.0 = Release|Any CPU
		{4CD29052-8F1F-48E2-B2A8-96B482BD36D5}.Debug|Any CPU.ActiveCfg = Debug|Any CPU
		{4CD29052-8F1F-48E2-B2A8-96B482BD36D5}.Debug|Any CPU.Build.0 = Debug|Any CPU
		{4CD29052-8F1F-48E2-B2A8-96B482BD36D5}.Release|Any CPU.ActiveCfg = Release|Any CPU
		{4CD29052-8F1F-48E2-B2A8-96B482BD36D5}.Release|Any CPU.Build.0 = Release|Any CPU
	EndGlobalSection
	GlobalSection(SolutionProperties) = preSolution
		HideSolutionNode = FALSE
	EndGlobalSection
	GlobalSection(NestedProjects) = preSolution
		{76CA1894-96C6-4B59-8D61-D8E0FD5AE1E2} = {89258E9E-20E7-4425-9DC2-06383D9DF760}
		{F0707210-C42C-4DD0-A888-CFB67953CCD5} = {89258E9E-20E7-4425-9DC2-06383D9DF760}
		{70C75ECC-F8C8-4610-BD0D-AFE8C9FBA7BF} = {89258E9E-20E7-4425-9DC2-06383D9DF760}
		{0D733FBF-ABFC-4974-8DF5-88960C75DF8D} = {562DE94E-450A-4141-B105-871460264037}
		{CC20AC32-467C-4C09-BC99-13AFE6927BA9} = {562DE94E-450A-4141-B105-871460264037}
		{4CD29052-8F1F-48E2-B2A8-96B482BD36D5} = {562DE94E-450A-4141-B105-871460264037}
	EndGlobalSection
	GlobalSection(ExtensibilityGlobals) = postSolution
		SolutionGuid = {4A3E6C25-4992-48C2-9AC5-2E99458E56F2}
	EndGlobalSection
EndGlobal
